
Microsoft Visual Studio Solution File, Format Version 12.00
# Visual Studio Version 16
VisualStudioVersion = 16.0.31321.278
MinimumVisualStudioVersion = 10.0.40219.1
Project("{9A19103F-16F7-4668-BE54-9A1E7A4F7556}") = "CatchAndRun", "CatchAndRun.csproj", "{765E039C-A4C7-47F2-B16E-9277D27770B8}"
	ProjectSection(ProjectDependencies) = postProject
		{AA8A9775-A9FD-4DC4-AD66-04DED5ED2AF4} = {AA8A9775-A9FD-4DC4-AD66-04DED5ED2AF4}
	EndProjectSection
EndProject
Project("{9A19103F-16F7-4668-BE54-9A1E7A4F7556}") = "Microsoft.Bonsai.Api.Simulator", "..\Microsoft.Bonsai.Api\Simulator\Microsoft.Bonsai.Api.Simulator.csproj", "{AA8A9775-A9FD-4DC4-AD66-04DED5ED2AF4}"
EndProject
Global
	GlobalSection(SolutionConfigurationPlatforms) = preSolution
		Debug|Any CPU = Debug|Any CPU
		Release|Any CPU = Release|Any CPU
	EndGlobalSection
	GlobalSection(ProjectConfigurationPlatforms) = postSolution
		{765E039C-A4C7-47F2-B16E-9277D27770B8}.Debug|Any CPU.ActiveCfg = Debug|Any CPU
		{765E039C-A4C7-47F2-B16E-9277D27770B8}.Debug|Any CPU.Build.0 = Debug|Any CPU
		{765E039C-A4C7-47F2-B16E-9277D27770B8}.Release|Any CPU.ActiveCfg = Release|Any CPU
		{765E039C-A4C7-47F2-B16E-9277D27770B8}.Release|Any CPU.Build.0 = Release|Any CPU
		{AA8A9775-A9FD-4DC4-AD66-04DED5ED2AF4}.Debug|Any CPU.ActiveCfg = Debug|Any CPU
		{AA8A9775-A9FD-4DC4-AD66-04DED5ED2AF4}.Debug|Any CPU.Build.0 = Debug|Any CPU
		{AA8A9775-A9FD-4DC4-AD66-04DED5ED2AF4}.Release|Any CPU.ActiveCfg = Release|Any CPU
		{AA8A9775-A9FD-4DC4-AD66-04DED5ED2AF4}.Release|Any CPU.Build.0 = Release|Any CPU
	EndGlobalSection
	GlobalSection(SolutionProperties) = preSolution
		HideSolutionNode = FALSE
	EndGlobalSection
	GlobalSection(ExtensibilityGlobals) = postSolution
		SolutionGuid = {D5128219-D7BC-4F9F-A682-0BA487FC3311}
	EndGlobalSection
EndGlobal
